PODS:
  - FlutterMacOS (1.0.0)
  - soundpool (1.0.1):
    - FlutterMacOS
  - soundpool_macos (1.0.0):
    - FlutterMacOS

DEPENDENCIES:
  - FlutterMacOS (from `Flutter/ephemeral/.symlinks/flutter/darwin-x64`)
  - soundpool (from `Flutter/ephemeral/.symlinks/plugins/soundpool/macos`)
  - soundpool_macos (from `Flutter/ephemeral/.symlinks/plugins/soundpool_macos/macos`)

EXTERNAL SOURCES:
  FlutterMacOS:
    :path: Flutter/ephemeral/.symlinks/flutter/darwin-x64
  soundpool:
    :path: Flutter/ephemeral/.symlinks/plugins/soundpool/macos
  soundpool_macos:
    :path: Flutter/ephemeral/.symlinks/plugins/soundpool_macos/macos

SPEC CHECKSUMS:
  FlutterMacOS: 15bea8a44d2fa024068daa0140371c020b4b6ff9
  soundpool: 10ad9ba33c47ad6f956b50cb44dba46787529216
  soundpool_macos: 3bc0b8b238407516ad9b8afc2647670ff58124f9

PODFILE CHECKSUM: d8ba9b3e9e93c62c74a660b46c6fcb09f03991a7

COCOAPODS: 1.8.4
