PODS:
  - FlutterMacOS (1.0.0)
  - soundpool_macos (1.0.0):
    - FlutterMacOS

DEPENDENCIES:
  - FlutterMacOS (from `Flutter/ephemeral`)
  - soundpool_macos (from `Flutter/ephemeral/.symlinks/plugins/soundpool_macos/macos`)

EXTERNAL SOURCES:
  FlutterMacOS:
    :path: Flutter/ephemeral
  soundpool_macos:
    :path: Flutter/ephemeral/.symlinks/plugins/soundpool_macos/macos

SPEC CHECKSUMS:
  FlutterMacOS: 57701585bf7de1b3fc2bb61f6378d73bbdea8424
  soundpool_macos: 3bc0b8b238407516ad9b8afc2647670ff58124f9

PODFILE CHECKSUM: 6eac6b3292e5142cfc23bdeb71848a40ec51c14c

COCOAPODS: 1.10.1
